
Microsoft Visual Studio Solution File, Format Version 12.00
# Visual Studio Version 16
VisualStudioVersion = 16.0.31410.357
MinimumVisualStudioVersion = 10.0.40219.1
Project("{9A19103F-16F7-4668-BE54-9A1E7A4F7556}") = "MT3Gateway-Step3", "MT3Gateway-Step3.csproj", "{C93ED619-5A88-44EF-AAC8-F733CF0335D6}"
EndProject
Project("{9A19103F-16F7-4668-BE54-9A1E7A4F7556}") = "MathTrickCore", "..\..\MathTrickCore\MathTrickCore.csproj", "{0712BB98-6043-4EAC-96BB-64B00EDA03B2}"
EndProject
Global
	GlobalSection(SolutionConfigurationPlatforms) = preSolution
		Debug|Any CPU = Debug|Any CPU
		Release|Any CPU = Release|Any CPU
	EndGlobalSection
	GlobalSection(ProjectConfigurationPlatforms) = postSolution
		{C93ED619-5A88-44EF-AAC8-F733CF0335D6}.Debug|Any CPU.ActiveCfg = Debug|Any CPU
		{C93ED619-5A88-44EF-AAC8-F733CF0335D6}.Debug|Any CPU.Build.0 = Debug|Any CPU
		{C93ED619-5A88-44EF-AAC8-F733CF0335D6}.Release|Any CPU.ActiveCfg = Release|Any CPU
		{C93ED619-5A88-44EF-AAC8-F733CF0335D6}.Release|Any CPU.Build.0 = Release|Any CPU
		{0712BB98-6043-4EAC-96BB-64B00EDA03B2}.Debug|Any CPU.ActiveCfg = Debug|Any CPU
		{0712BB98-6043-4EAC-96BB-64B00EDA03B2}.Debug|Any CPU.Build.0 = Debug|Any CPU
		{0712BB98-6043-4EAC-96BB-64B00EDA03B2}.Release|Any CPU.ActiveCfg = Release|Any CPU
		{0712BB98-6043-4EAC-96BB-64B00EDA03B2}.Release|Any CPU.Build.0 = Release|Any CPU
	EndGlobalSection
	GlobalSection(SolutionProperties) = preSolution
		HideSolutionNode = FALSE
	EndGlobalSection
	GlobalSection(ExtensibilityGlobals) = postSolution
		SolutionGuid = {08D5E6D3-5D1C-4AFF-942D-5C51F52CCD7E}
	EndGlobalSection
EndGlobal
