
Microsoft Visual Studio Solution File, Format Version 12.00
# Visual Studio Version 16
VisualStudioVersion = 16.0.31410.357
MinimumVisualStudioVersion = 10.0.40219.1
Project("{FAE04EC0-301F-11D3-BF4B-00C04F79EFBC}") = "MathTrickCore", "MathTrickCore.csproj", "{DE4C65BB-7F0B-4FAF-977A-E348E2CB7A01}"
EndProject
Global
	GlobalSection(SolutionConfigurationPlatforms) = preSolution
		Debug|Any CPU = Debug|Any CPU
		Release|Any CPU = Release|Any CPU
	EndGlobalSection
	GlobalSection(ProjectConfigurationPlatforms) = postSolution
		{DE4C65BB-7F0B-4FAF-977A-E348E2CB7A01}.Debug|Any CPU.ActiveCfg = Debug|Any CPU
		{DE4C65BB-7F0B-4FAF-977A-E348E2CB7A01}.Debug|Any CPU.Build.0 = Debug|Any CPU
		{DE4C65BB-7F0B-4FAF-977A-E348E2CB7A01}.Release|Any CPU.ActiveCfg = Release|Any CPU
		{DE4C65BB-7F0B-4FAF-977A-E348E2CB7A01}.Release|Any CPU.Build.0 = Release|Any CPU
	EndGlobalSection
	GlobalSection(SolutionProperties) = preSolution
		HideSolutionNode = FALSE
	EndGlobalSection
	GlobalSection(ExtensibilityGlobals) = postSolution
		SolutionGuid = {07F7FA82-C015-4524-9F5E-713E1AC2E354}
	EndGlobalSection
EndGlobal
